
Microsoft Visual Studio Solution File, Format Version 12.00
# Visual Studio Version 17
VisualStudioVersion = 17.12.35506.116
MinimumVisualStudioVersion = 10.0.40219.1
Project("{FAE04EC0-301F-11D3-BF4B-00C04F79EFBC}") = "001_TypesAndVariables", "001_TypesAndVariables\001_TypesAndVariables.csproj", "{41E4EE69-FC8D-41BE-98C7-032FAA1BC32F}"
EndProject
Project("{FAE04EC0-301F-11D3-BF4B-00C04F79EFBC}") = "002_Conditionals", "002_Conditionals\002_Conditionals.csproj", "{1D822585-5E5D-4DC1-B469-B3CDD3215495}"
EndProject
Project("{FAE04EC0-301F-11D3-BF4B-00C04F79EFBC}") = "003_Methods", "003_Methods\003_Methods.csproj", "{1F22B76E-D5D6-4DA7-8325-6D480CE911FD}"
EndProject
Project("{FAE04EC0-301F-11D3-BF4B-00C04F79EFBC}") = "004_Arrays", "004_Arrays\004_Arrays.csproj", "{BF12947B-A99D-445C-9C70-5314CA8E42C9}"
EndProject
Project("{FAE04EC0-301F-11D3-BF4B-00C04F79EFBC}") = "005_Loops", "005_Loops\005_Loops.csproj", "{7161063A-4148-41F8-BB82-F881D9F321FE}"
EndProject
Project("{FAE04EC0-301F-11D3-BF4B-00C04F79EFBC}") = "006_Strings", "006_Strings\006_Strings.csproj", "{AFE66C61-DF0B-4855-A11F-10EEF3328A9F}"
EndProject
Project("{FAE04EC0-301F-11D3-BF4B-00C04F79EFBC}") = "007_Classes", "007_Classes\007_Classes.csproj", "{CC1A9543-2C92-47AE-A23A-6F86E3B3FCF2}"
EndProject
Project("{FAE04EC0-301F-11D3-BF4B-00C04F79EFBC}") = "008_RecapDemo", "008_RecapDemo\008_RecapDemo.csproj", "{30F97C51-55E8-449A-B510-59A809DB3855}"
EndProject
Project("{FAE04EC0-301F-11D3-BF4B-00C04F79EFBC}") = "009_Interfaces", "009_Interfaces\009_Interfaces.csproj", "{8BF70687-5740-46F4-AE43-343B0DAC0A09}"
EndProject
Project("{FAE04EC0-301F-11D3-BF4B-00C04F79EFBC}") = "010_InterfacesDemo", "010_InterfacesDemo\010_InterfacesDemo.csproj", "{5D5D12A8-90B0-48A6-B1B9-499201C98C6D}"
EndProject
Project("{FAE04EC0-301F-11D3-BF4B-00C04F79EFBC}") = "011_Inheritance", "011_Inheritance\011_Inheritance.csproj", "{C12388E9-49E0-4B61-9A01-FDAA577B0C9E}"
EndProject
Project("{FAE04EC0-301F-11D3-BF4B-00C04F79EFBC}") = "012_VirtualMethods", "012_VirtualMethods\012_VirtualMethods.csproj", "{E8B7C8FE-EDB2-46DB-A7EC-F48AA145B58A}"
EndProject
Project("{FAE04EC0-301F-11D3-BF4B-00C04F79EFBC}") = "013_AbstractClasses", "013_AbstractClasses\013_AbstractClasses.csproj", "{69D15674-0C92-4EBA-BA18-336EC1554AC5}"
EndProject
Project("{FAE04EC0-301F-11D3-BF4B-00C04F79EFBC}") = "014_RecapDemo", "014_RecapDemo\014_RecapDemo.csproj", "{0B93645F-4A8A-4900-A484-71C2020D9297}"
EndProject
Project("{FAE04EC0-301F-11D3-BF4B-00C04F79EFBC}") = "015_AccessModifiers", "015_AccessModifiers\015_AccessModifiers.csproj", "{AF0532F9-8066-40DD-A599-D5ED4EFB7037}"
EndProject
Project("{FAE04EC0-301F-11D3-BF4B-00C04F79EFBC}") = "016_AccessModifiersDemo", "016_AccessModifiersDemo\016_AccessModifiersDemo.csproj", "{2A4CE02D-946B-43A4-BBF8-6A5DEB75ED2B}"
EndProject
Project("{FAE04EC0-301F-11D3-BF4B-00C04F79EFBC}") = "017_Constructors", "017_Constructors\017_Constructors.csproj", "{A4BEA7A6-9F3D-4667-979A-44DF1712E839}"
EndProject
Project("{FAE04EC0-301F-11D3-BF4B-00C04F79EFBC}") = "018_ReferenceAndValueType", "018_ReferenceAndValueType\018_ReferenceAndValueType.csproj", "{8F0DEE5C-5AE4-49A4-BCB6-3B0755FBD5FC}"
EndProject
Project("{FAE04EC0-301F-11D3-BF4B-00C04F79EFBC}") = "019_Collections", "019_Collections\019_Collections.csproj", "{069B2904-F511-4C07-8E9A-0E179CD47D52}"
EndProject
Project("{FAE04EC0-301F-11D3-BF4B-00C04F79EFBC}") = "020_Exceptions", "020_Exceptions\020_Exceptions.csproj", "{80239BA2-3FA5-46FD-B4B0-38EB2CC64608}"
EndProject
Project("{FAE04EC0-301F-11D3-BF4B-00C04F79EFBC}") = "021_AdoNetDemo", "021_AdoNetDemo\021_AdoNetDemo.csproj", "{2CEF2CE0-B0B9-40F6-999B-4F7E6763C3A6}"
EndProject
Global
	GlobalSection(SolutionConfigurationPlatforms) = preSolution
		Debug|Any CPU = Debug|Any CPU
		Release|Any CPU = Release|Any CPU
	EndGlobalSection
	GlobalSection(ProjectConfigurationPlatforms) = postSolution
		{41E4EE69-FC8D-41BE-98C7-032FAA1BC32F}.Debug|Any CPU.ActiveCfg = Debug|Any CPU
		{41E4EE69-FC8D-41BE-98C7-032FAA1BC32F}.Debug|Any CPU.Build.0 = Debug|Any CPU
		{41E4EE69-FC8D-41BE-98C7-032FAA1BC32F}.Release|Any CPU.ActiveCfg = Release|Any CPU
		{41E4EE69-FC8D-41BE-98C7-032FAA1BC32F}.Release|Any CPU.Build.0 = Release|Any CPU
		{1D822585-5E5D-4DC1-B469-B3CDD3215495}.Debug|Any CPU.ActiveCfg = Debug|Any CPU
		{1D822585-5E5D-4DC1-B469-B3CDD3215495}.Debug|Any CPU.Build.0 = Debug|Any CPU
		{1D822585-5E5D-4DC1-B469-B3CDD3215495}.Release|Any CPU.ActiveCfg = Release|Any CPU
		{1D822585-5E5D-4DC1-B469-B3CDD3215495}.Release|Any CPU.Build.0 = Release|Any CPU
		{1F22B76E-D5D6-4DA7-8325-6D480CE911FD}.Debug|Any CPU.ActiveCfg = Debug|Any CPU
		{1F22B76E-D5D6-4DA7-8325-6D480CE911FD}.Debug|Any CPU.Build.0 = Debug|Any CPU
		{1F22B76E-D5D6-4DA7-8325-6D480CE911FD}.Release|Any CPU.ActiveCfg = Release|Any CPU
		{1F22B76E-D5D6-4DA7-8325-6D480CE911FD}.Release|Any CPU.Build.0 = Release|Any CPU
		{BF12947B-A99D-445C-9C70-5314CA8E42C9}.Debug|Any CPU.ActiveCfg = Debug|Any CPU
		{BF12947B-A99D-445C-9C70-5314CA8E42C9}.Debug|Any CPU.Build.0 = Debug|Any CPU
		{BF12947B-A99D-445C-9C70-5314CA8E42C9}.Release|Any CPU.ActiveCfg = Release|Any CPU
		{BF12947B-A99D-445C-9C70-5314CA8E42C9}.Release|Any CPU.Build.0 = Release|Any CPU
		{7161063A-4148-41F8-BB82-F881D9F321FE}.Debug|Any CPU.ActiveCfg = Debug|Any CPU
		{7161063A-4148-41F8-BB82-F881D9F321FE}.Debug|Any CPU.Build.0 = Debug|Any CPU
		{7161063A-4148-41F8-BB82-F881D9F321FE}.Release|Any CPU.ActiveCfg = Release|Any CPU
		{7161063A-4148-41F8-BB82-F881D9F321FE}.Release|Any CPU.Build.0 = Release|Any CPU
		{AFE66C61-DF0B-4855-A11F-10EEF3328A9F}.Debug|Any CPU.ActiveCfg = Debug|Any CPU
		{AFE66C61-DF0B-4855-A11F-10EEF3328A9F}.Debug|Any CPU.Build.0 = Debug|Any CPU
		{AFE66C61-DF0B-4855-A11F-10EEF3328A9F}.Release|Any CPU.ActiveCfg = Release|Any CPU
		{AFE66C61-DF0B-4855-A11F-10EEF3328A9F}.Release|Any CPU.Build.0 = Release|Any CPU
		{CC1A9543-2C92-47AE-A23A-6F86E3B3FCF2}.Debug|Any CPU.ActiveCfg = Debug|Any CPU
		{CC1A9543-2C92-47AE-A23A-6F86E3B3FCF2}.Debug|Any CPU.Build.0 = Debug|Any CPU
		{CC1A9543-2C92-47AE-A23A-6F86E3B3FCF2}.Release|Any CPU.ActiveCfg = Release|Any CPU
		{CC1A9543-2C92-47AE-A23A-6F86E3B3FCF2}.Release|Any CPU.Build.0 = Release|Any CPU
		{30F97C51-55E8-449A-B510-59A809DB3855}.Debug|Any CPU.ActiveCfg = Debug|Any CPU
		{30F97C51-55E8-449A-B510-59A809DB3855}.Debug|Any CPU.Build.0 = Debug|Any CPU
		{30F97C51-55E8-449A-B510-59A809DB3855}.Release|Any CPU.ActiveCfg = Release|Any CPU
		{30F97C51-55E8-449A-B510-59A809DB3855}.Release|Any CPU.Build.0 = Release|Any CPU
		{8BF70687-5740-46F4-AE43-343B0DAC0A09}.Debug|Any CPU.ActiveCfg = Debug|Any CPU
		{8BF70687-5740-46F4-AE43-343B0DAC0A09}.Debug|Any CPU.Build.0 = Debug|Any CPU
		{8BF70687-5740-46F4-AE43-343B0DAC0A09}.Release|Any CPU.ActiveCfg = Release|Any CPU
		{8BF70687-5740-46F4-AE43-343B0DAC0A09}.Release|Any CPU.Build.0 = Release|Any CPU
		{5D5D12A8-90B0-48A6-B1B9-499201C98C6D}.Debug|Any CPU.ActiveCfg = Debug|Any CPU
		{5D5D12A8-90B0-48A6-B1B9-499201C98C6D}.Debug|Any CPU.Build.0 = Debug|Any CPU
		{5D5D12A8-90B0-48A6-B1B9-499201C98C6D}.Release|Any CPU.ActiveCfg = Release|Any CPU
		{5D5D12A8-90B0-48A6-B1B9-499201C98C6D}.Release|Any CPU.Build.0 = Release|Any CPU
		{C12388E9-49E0-4B61-9A01-FDAA577B0C9E}.Debug|Any CPU.ActiveCfg = Debug|Any CPU
		{C12388E9-49E0-4B61-9A01-FDAA577B0C9E}.Debug|Any CPU.Build.0 = Debug|Any CPU
		{C12388E9-49E0-4B61-9A01-FDAA577B0C9E}.Release|Any CPU.ActiveCfg = Release|Any CPU
		{C12388E9-49E0-4B61-9A01-FDAA577B0C9E}.Release|Any CPU.Build.0 = Release|Any CPU
		{E8B7C8FE-EDB2-46DB-A7EC-F48AA145B58A}.Debug|Any CPU.ActiveCfg = Debug|Any CPU
		{E8B7C8FE-EDB2-46DB-A7EC-F48AA145B58A}.Debug|Any CPU.Build.0 = Debug|Any CPU
		{E8B7C8FE-EDB2-46DB-A7EC-F48AA145B58A}.Release|Any CPU.ActiveCfg = Release|Any CPU
		{E8B7C8FE-EDB2-46DB-A7EC-F48AA145B58A}.Release|Any CPU.Build.0 = Release|Any CPU
		{69D15674-0C92-4EBA-BA18-336EC1554AC5}.Debug|Any CPU.ActiveCfg = Debug|Any CPU
		{69D15674-0C92-4EBA-BA18-336EC1554AC5}.Debug|Any CPU.Build.0 = Debug|Any CPU
		{69D15674-0C92-4EBA-BA18-336EC1554AC5}.Release|Any CPU.ActiveCfg = Release|Any CPU
		{69D15674-0C92-4EBA-BA18-336EC1554AC5}.Release|Any CPU.Build.0 = Release|Any CPU
		{0B93645F-4A8A-4900-A484-71C2020D9297}.Debug|Any CPU.ActiveCfg = Debug|Any CPU
		{0B93645F-4A8A-4900-A484-71C2020D9297}.Debug|Any CPU.Build.0 = Debug|Any CPU
		{0B93645F-4A8A-4900-A484-71C2020D9297}.Release|Any CPU.ActiveCfg = Release|Any CPU
		{0B93645F-4A8A-4900-A484-71C2020D9297}.Release|Any CPU.Build.0 = Release|Any CPU
		{AF0532F9-8066-40DD-A599-D5ED4EFB7037}.Debug|Any CPU.ActiveCfg = Debug|Any CPU
		{AF0532F9-8066-40DD-A599-D5ED4EFB7037}.Debug|Any CPU.Build.0 = Debug|Any CPU
		{AF0532F9-8066-40DD-A599-D5ED4EFB7037}.Release|Any CPU.ActiveCfg = Release|Any CPU
		{AF0532F9-8066-40DD-A599-D5ED4EFB7037}.Release|Any CPU.Build.0 = Release|Any CPU
		{2A4CE02D-946B-43A4-BBF8-6A5DEB75ED2B}.Debug|Any CPU.ActiveCfg = Debug|Any CPU
		{2A4CE02D-946B-43A4-BBF8-6A5DEB75ED2B}.Debug|Any CPU.Build.0 = Debug|Any CPU
		{2A4CE02D-946B-43A4-BBF8-6A5DEB75ED2B}.Release|Any CPU.ActiveCfg = Release|Any CPU
		{2A4CE02D-946B-43A4-BBF8-6A5DEB75ED2B}.Release|Any CPU.Build.0 = Release|Any CPU
		{A4BEA7A6-9F3D-4667-979A-44DF1712E839}.Debug|Any CPU.ActiveCfg = Debug|Any CPU
		{A4BEA7A6-9F3D-4667-979A-44DF1712E839}.Debug|Any CPU.Build.0 = Debug|Any CPU
		{A4BEA7A6-9F3D-4667-979A-44DF1712E839}.Release|Any CPU.ActiveCfg = Release|Any CPU
		{A4BEA7A6-9F3D-4667-979A-44DF1712E839}.Release|Any CPU.Build.0 = Release|Any CPU
		{8F0DEE5C-5AE4-49A4-BCB6-3B0755FBD5FC}.Debug|Any CPU.ActiveCfg = Debug|Any CPU
		{8F0DEE5C-5AE4-49A4-BCB6-3B0755FBD5FC}.Debug|Any CPU.Build.0 = Debug|Any CPU
		{8F0DEE5C-5AE4-49A4-BCB6-3B0755FBD5FC}.Release|Any CPU.ActiveCfg = Release|Any CPU
		{8F0DEE5C-5AE4-49A4-BCB6-3B0755FBD5FC}.Release|Any CPU.Build.0 = Release|Any CPU
		{069B2904-F511-4C07-8E9A-0E179CD47D52}.Debug|Any CPU.ActiveCfg = Debug|Any CPU
		{069B2904-F511-4C07-8E9A-0E179CD47D52}.Debug|Any CPU.Build.0 = Debug|Any CPU
		{069B2904-F511-4C07-8E9A-0E179CD47D52}.Release|Any CPU.ActiveCfg = Release|Any CPU
		{069B2904-F511-4C07-8E9A-0E179CD47D52}.Release|Any CPU.Build.0 = Release|Any CPU
		{80239BA2-3FA5-46FD-B4B0-38EB2CC64608}.Debug|Any CPU.ActiveCfg = Debug|Any CPU
		{80239BA2-3FA5-46FD-B4B0-38EB2CC64608}.Debug|Any CPU.Build.0 = Debug|Any CPU
		{80239BA2-3FA5-46FD-B4B0-38EB2CC64608}.Release|Any CPU.ActiveCfg = Release|Any CPU
		{80239BA2-3FA5-46FD-B4B0-38EB2CC64608}.Release|Any CPU.Build.0 = Release|Any CPU
		{2CEF2CE0-B0B9-40F6-999B-4F7E6763C3A6}.Debug|Any CPU.ActiveCfg = Debug|Any CPU
		{2CEF2CE0-B0B9-40F6-999B-4F7E6763C3A6}.Debug|Any CPU.Build.0 = Debug|Any CPU
		{2CEF2CE0-B0B9-40F6-999B-4F7E6763C3A6}.Release|Any CPU.ActiveCfg = Release|Any CPU
		{2CEF2CE0-B0B9-40F6-999B-4F7E6763C3A6}.Release|Any CPU.Build.0 = Release|Any CPU
	EndGlobalSection
	GlobalSection(SolutionProperties) = preSolution
		HideSolutionNode = FALSE
	EndGlobalSection
EndGlobal
