
Microsoft Visual Studio Solution File, Format Version 12.00
# Visual Studio Version 17
VisualStudioVersion = 17.12.35506.116
MinimumVisualStudioVersion = 10.0.40219.1
Project("{FAE04EC0-301F-11D3-BF4B-00C04F79EFBC}") = "001_TypesAndVariables", "001_TypesAndVariables\001_TypesAndVariables.csproj", "{41E4EE69-FC8D-41BE-98C7-032FAA1BC32F}"
EndProject
Project("{FAE04EC0-301F-11D3-BF4B-00C04F79EFBC}") = "002_Conditionals", "002_Conditionals\002_Conditionals.csproj", "{1D822585-5E5D-4DC1-B469-B3CDD3215495}"
EndProject
Project("{FAE04EC0-301F-11D3-BF4B-00C04F79EFBC}") = "003_Methods", "003_Methods\003_Methods.csproj", "{1F22B76E-D5D6-4DA7-8325-6D480CE911FD}"
EndProject
Project("{FAE04EC0-301F-11D3-BF4B-00C04F79EFBC}") = "004_Arrays", "004_Arrays\004_Arrays.csproj", "{BF12947B-A99D-445C-9C70-5314CA8E42C9}"
EndProject
Project("{FAE04EC0-301F-11D3-BF4B-00C04F79EFBC}") = "005_Loops", "005_Loops\005_Loops.csproj", "{7161063A-4148-41F8-BB82-F881D9F321FE}"
EndProject
Project("{FAE04EC0-301F-11D3-BF4B-00C04F79EFBC}") = "006_Strings", "006_Strings\006_Strings.csproj", "{AFE66C61-DF0B-4855-A11F-10EEF3328A9F}"
EndProject
Global
	GlobalSection(SolutionConfigurationPlatforms) = preSolution
		Debug|Any CPU = Debug|Any CPU
		Release|Any CPU = Release|Any CPU
	EndGlobalSection
	GlobalSection(ProjectConfigurationPlatforms) = postSolution
		{41E4EE69-FC8D-41BE-98C7-032FAA1BC32F}.Debug|Any CPU.ActiveCfg = Debug|Any CPU
		{41E4EE69-FC8D-41BE-98C7-032FAA1BC32F}.Debug|Any CPU.Build.0 = Debug|Any CPU
		{41E4EE69-FC8D-41BE-98C7-032FAA1BC32F}.Release|Any CPU.ActiveCfg = Release|Any CPU
		{41E4EE69-FC8D-41BE-98C7-032FAA1BC32F}.Release|Any CPU.Build.0 = Release|Any CPU
		{1D822585-5E5D-4DC1-B469-B3CDD3215495}.Debug|Any CPU.ActiveCfg = Debug|Any CPU
		{1D822585-5E5D-4DC1-B469-B3CDD3215495}.Debug|Any CPU.Build.0 = Debug|Any CPU
		{1D822585-5E5D-4DC1-B469-B3CDD3215495}.Release|Any CPU.ActiveCfg = Release|Any CPU
		{1D822585-5E5D-4DC1-B469-B3CDD3215495}.Release|Any CPU.Build.0 = Release|Any CPU
		{1F22B76E-D5D6-4DA7-8325-6D480CE911FD}.Debug|Any CPU.ActiveCfg = Debug|Any CPU
		{1F22B76E-D5D6-4DA7-8325-6D480CE911FD}.Debug|Any CPU.Build.0 = Debug|Any CPU
		{1F22B76E-D5D6-4DA7-8325-6D480CE911FD}.Release|Any CPU.ActiveCfg = Release|Any CPU
		{1F22B76E-D5D6-4DA7-8325-6D480CE911FD}.Release|Any CPU.Build.0 = Release|Any CPU
		{BF12947B-A99D-445C-9C70-5314CA8E42C9}.Debug|Any CPU.ActiveCfg = Debug|Any CPU
		{BF12947B-A99D-445C-9C70-5314CA8E42C9}.Debug|Any CPU.Build.0 = Debug|Any CPU
		{BF12947B-A99D-445C-9C70-5314CA8E42C9}.Release|Any CPU.ActiveCfg = Release|Any CPU
		{BF12947B-A99D-445C-9C70-5314CA8E42C9}.Release|Any CPU.Build.0 = Release|Any CPU
		{7161063A-4148-41F8-BB82-F881D9F321FE}.Debug|Any CPU.ActiveCfg = Debug|Any CPU
		{7161063A-4148-41F8-BB82-F881D9F321FE}.Debug|Any CPU.Build.0 = Debug|Any CPU
		{7161063A-4148-41F8-BB82-F881D9F321FE}.Release|Any CPU.ActiveCfg = Release|Any CPU
		{7161063A-4148-41F8-BB82-F881D9F321FE}.Release|Any CPU.Build.0 = Release|Any CPU
		{AFE66C61-DF0B-4855-A11F-10EEF3328A9F}.Debug|Any CPU.ActiveCfg = Debug|Any CPU
		{AFE66C61-DF0B-4855-A11F-10EEF3328A9F}.Debug|Any CPU.Build.0 = Debug|Any CPU
		{AFE66C61-DF0B-4855-A11F-10EEF3328A9F}.Release|Any CPU.ActiveCfg = Release|Any CPU
		{AFE66C61-DF0B-4855-A11F-10EEF3328A9F}.Release|Any CPU.Build.0 = Release|Any CPU
	EndGlobalSection
	GlobalSection(SolutionProperties) = preSolution
		HideSolutionNode = FALSE
	EndGlobalSection
EndGlobal
